dependencies:
- name: keycloak
  repository: https://charts.bitnami.com/bitnami
  version: 24.4.6
- name: postgresql
  repository: https://charts.bitnami.com/bitnami
  version: 16.4.5
- name: postgresql
  repository: https://charts.bitnami.com/bitnami
  version: 16.4.5
digest: sha256:164a82fd456722cbe4cc3901e6278c4e31b6f0fd2ad94d0e25001442d436321c
generated: "2025-02-04T19:50:01.6576428+01:00"
